
Microsoft Visual Studio Solution File, Format Version 12.00
# Visual Studio Version 16
VisualStudioVersion = 16.0.31321.278
MinimumVisualStudioVersion = 10.0.40219.1
Project("{FAE04EC0-301F-11D3-BF4B-00C04F79EFBC}") = "Excel_Islemleri", "Excel_Islemleri\Excel_Islemleri.csproj", "{03AEEEC7-9043-455E-A782-6AD5DAB767CD}"
EndProject
Global
	GlobalSection(SolutionConfigurationPlatforms) = preSolution
		Debug|Any CPU = Debug|Any CPU
		Release|Any CPU = Release|Any CPU
	EndGlobalSection
	GlobalSection(ProjectConfigurationPlatforms) = postSolution
		{03AEEEC7-9043-455E-A782-6AD5DAB767CD}.Debug|Any CPU.ActiveCfg = Debug|Any CPU
		{03AEEEC7-9043-455E-A782-6AD5DAB767CD}.Debug|Any CPU.Build.0 = Debug|Any CPU
		{03AEEEC7-9043-455E-A782-6AD5DAB767CD}.Release|Any CPU.ActiveCfg = Release|Any CPU
		{03AEEEC7-9043-455E-A782-6AD5DAB767CD}.Release|Any CPU.Build.0 = Release|Any CPU
	EndGlobalSection
	GlobalSection(SolutionProperties) = preSolution
		HideSolutionNode = FALSE
	EndGlobalSection
	GlobalSection(ExtensibilityGlobals) = postSolution
		SolutionGuid = {747C5CB7-99BC-46DD-8938-3A96BE0E2F67}
	EndGlobalSection
EndGlobal
